// !$*UTF8*$!
{
	archiveVersion = 1;
	classes = {
	};
	objectVersion = 52;
	objects = {

/* Begin PBXBuildFile section */
		63A505C423880E2400E93016 /* Aztec.framework in Frameworks */ = {isa = PBXBuildFile; fileRef = 63A505C323880E2400E93016 /* Aztec.framework */; };
		63A505C523880E2400E93016 /* Aztec.framework in Embed Frameworks */ = {isa = PBXBuildFile; fileRef = 63A505C323880E2400E93016 /* Aztec.framework */; settings = {ATTRIBUTES = (CodeSignOnCopy, RemoveHeadersOnCopy, ); }; };
		63A505C82388106000E93016 /* HTMLView.swift in Sources */ = {isa = PBXBuildFile; fileRef = 63A505C72388106000E93016 /* HTMLView.swift */; };
		63C984B32385583700E5CAFE /* NotesView.swift in Sources */ = {isa = PBXBuildFile; fileRef = 63C984B22385583700E5CAFE /* NotesView.swift */; };
		63C984B5238566A400E5CAFE /* NoteView.swift in Sources */ = {isa = PBXBuildFile; fileRef = 63C984B4238566A400E5CAFE /* NoteView.swift */; };
		D325FDA22358966F002AC9C9 /* SampleData in Resources */ = {isa = PBXBuildFile; fileRef = D325FDA12358966F002AC9C9 /* SampleData */; };
		D325FDA523589F12002AC9C9 /* Logging in Frameworks */ = {isa = PBXBuildFile; productRef = D325FDA423589F12002AC9C9 /* Logging */; };
		D325FDAB2359F288002AC9C9 /* Zipper in Frameworks */ = {isa = PBXBuildFile; productRef = D325FDAA2359F288002AC9C9 /* Zipper */; };
		D325FDB1235A8B92002AC9C9 /* GRDB in Frameworks */ = {isa = PBXBuildFile; productRef = D325FDB0235A8B92002AC9C9 /* GRDB */; };
		D325FDB3235A9A1E002AC9C9 /* Note.swift in Sources */ = {isa = PBXBuildFile; fileRef = D325FDB2235A9A1E002AC9C9 /* Note.swift */; };
		D325FDB5235B57AC002AC9C9 /* CollectionMetadata.swift in Sources */ = {isa = PBXBuildFile; fileRef = D325FDB4235B57AC002AC9C9 /* CollectionMetadata.swift */; };
		D32BCEA7235829750036768A /* AppDelegate.swift in Sources */ = {isa = PBXBuildFile; fileRef = D32BCEA6235829750036768A /* AppDelegate.swift */; };
		D32BCEA9235829750036768A /* SceneDelegate.swift in Sources */ = {isa = PBXBuildFile; fileRef = D32BCEA8235829750036768A /* SceneDelegate.swift */; };
		D32BCEAD235829770036768A /* Assets.xcassets in Resources */ = {isa = PBXBuildFile; fileRef = D32BCEAC235829770036768A /* Assets.xcassets */; };
		D32BCEB0235829770036768A /* Preview Assets.xcassets in Resources */ = {isa = PBXBuildFile; fileRef = D32BCEAF235829770036768A /* Preview Assets.xcassets */; };
		D32BCEB3235829770036768A /* LaunchScreen.storyboard in Resources */ = {isa = PBXBuildFile; fileRef = D32BCEB1235829770036768A /* LaunchScreen.storyboard */; };
		D32BCEC9235829770036768A /* SwankiUITests.swift in Sources */ = {isa = PBXBuildFile; fileRef = D32BCEC8235829770036768A /* SwankiUITests.swift */; };
		D351006F2378986600CE2D7E /* SpacedRepetitionScheduler+Card.swift in Sources */ = {isa = PBXBuildFile; fileRef = D351006E2378986600CE2D7E /* SpacedRepetitionScheduler+Card.swift */; };
		D3557FEE23CCAF3800E12244 /* SpacedRepetitionScheduler in Frameworks */ = {isa = PBXBuildFile; productRef = D3557FED23CCAF3800E12244 /* SpacedRepetitionScheduler */; };
		D37E2A0923AD9A3600D7913F /* GRDBCombine in Frameworks */ = {isa = PBXBuildFile; productRef = D37E2A0823AD9A3600D7913F /* GRDBCombine */; };
		D37E2A0C23AF087800D7913F /* CloudKit.framework in Frameworks */ = {isa = PBXBuildFile; fileRef = D37E2A0B23AF087800D7913F /* CloudKit.framework */; };
		D392638923A691E7008D09B2 /* ImportView.swift in Sources */ = {isa = PBXBuildFile; fileRef = D392638823A691E7008D09B2 /* ImportView.swift */; };
		D392638B23A74E32008D09B2 /* Databases.swift in Sources */ = {isa = PBXBuildFile; fileRef = D392638A23A74E32008D09B2 /* Databases.swift */; };
		D392638D23A9B450008D09B2 /* AnkiStache.swift in Sources */ = {isa = PBXBuildFile; fileRef = D392638C23A9B450008D09B2 /* AnkiStache.swift */; };
		D392638F23AA6000008D09B2 /* AnkiTemplateTests.swift in Sources */ = {isa = PBXBuildFile; fileRef = D392638E23AA6000008D09B2 /* AnkiTemplateTests.swift */; };
		D396683F2364924A0015DB82 /* CardView.swift in Sources */ = {isa = PBXBuildFile; fileRef = D396683E2364924A0015DB82 /* CardView.swift */; };
		D39668442365EE9D0015DB82 /* WebView.swift in Sources */ = {isa = PBXBuildFile; fileRef = D39668432365EE9D0015DB82 /* WebView.swift */; };
		D3966846236DDC9A0015DB82 /* CardAnswerButtonRow.swift in Sources */ = {isa = PBXBuildFile; fileRef = D3966845236DDC9A0015DB82 /* CardAnswerButtonRow.swift */; };
		D3B7144E235BB5A500F2AFB2 /* CollectionDatabase.swift in Sources */ = {isa = PBXBuildFile; fileRef = D3B7144D235BB5A500F2AFB2 /* CollectionDatabase.swift */; };
		D3B71450235C189300F2AFB2 /* DeckConfig.swift in Sources */ = {isa = PBXBuildFile; fileRef = D3B7144F235C189300F2AFB2 /* DeckConfig.swift */; };
		D3B71452235C22B700F2AFB2 /* Card.swift in Sources */ = {isa = PBXBuildFile; fileRef = D3B71451235C22B700F2AFB2 /* Card.swift */; };
		D3B71454235CB7D000F2AFB2 /* StudyView.swift in Sources */ = {isa = PBXBuildFile; fileRef = D3B71453235CB7D000F2AFB2 /* StudyView.swift */; };
		D3B71456235D211B00F2AFB2 /* Logger.swift in Sources */ = {isa = PBXBuildFile; fileRef = D3B71455235D211B00F2AFB2 /* Logger.swift */; };
		D3B71458235DDB1C00F2AFB2 /* DeckView.swift in Sources */ = {isa = PBXBuildFile; fileRef = D3B71457235DDB1C00F2AFB2 /* DeckView.swift */; };
		D3B7145A2363212200F2AFB2 /* CollectionDatabase+Previews.swift in Sources */ = {isa = PBXBuildFile; fileRef = D3B714592363212200F2AFB2 /* CollectionDatabase+Previews.swift */; };
		D3E159DF238C14AA00940661 /* DraftNote.swift in Sources */ = {isa = PBXBuildFile; fileRef = D3E159DE238C14AA00940661 /* DraftNote.swift */; };
		D3E159E1238E0EC200940661 /* ObservableDeck.swift in Sources */ = {isa = PBXBuildFile; fileRef = D3E159E0238E0EC200940661 /* ObservableDeck.swift */; };
		D3E159E3239059DC00940661 /* LogEntry.swift in Sources */ = {isa = PBXBuildFile; fileRef = D3E159E2239059DC00940661 /* LogEntry.swift */; };
		D3E159E52390790000940661 /* Date+Anki.swift in Sources */ = {isa = PBXBuildFile; fileRef = D3E159E42390790000940661 /* Date+Anki.swift */; };
		D3E159E7239083FA00940661 /* StudySession.swift in Sources */ = {isa = PBXBuildFile; fileRef = D3E159E6239083FA00940661 /* StudySession.swift */; };
		D3E525B1237725A500C1E549 /* SpacedRepetitionSchedulerTests.swift in Sources */ = {isa = PBXBuildFile; fileRef = D3E525B0237725A500C1E549 /* SpacedRepetitionSchedulerTests.swift */; };
/* End PBXBuildFile section */

/* Begin PBXContainerItemProxy section */
		D32BCEBA235829770036768A /* PBXContainerItemProxy */ = {
			isa = PBXContainerItemProxy;
			containerPortal = D32BCE9B235829750036768A /* Project object */;
			proxyType = 1;
			remoteGlobalIDString = D32BCEA2235829750036768A;
			remoteInfo = Swanki;
		};
		D32BCEC5235829770036768A /* PBXContainerItemProxy */ = {
			isa = PBXContainerItemProxy;
			containerPortal = D32BCE9B235829750036768A /* Project object */;
			proxyType = 1;
			remoteGlobalIDString = D32BCEA2235829750036768A;
			remoteInfo = Swanki;
		};
/* End PBXContainerItemProxy section */

/* Begin PBXCopyFilesBuildPhase section */
		63A505C623880E2400E93016 /* Embed Frameworks */ = {
			isa = PBXCopyFilesBuildPhase;
			buildActionMask = 2147483647;
			dstPath = "";
			dstSubfolderSpec = 10;
			files = (
				63A505C523880E2400E93016 /* Aztec.framework in Embed Frameworks */,
			);
			name = "Embed Frameworks";
			runOnlyForDeploymentPostprocessing = 0;
		};
/* End PBXCopyFilesBuildPhase section */

/* Begin PBXFileReference section */
		63A505C323880E2400E93016 /* Aztec.framework */ = {isa = PBXFileReference; lastKnownFileType = wrapper.framework; name = Aztec.framework; path = Carthage/Build/iOS/Aztec.framework; sourceTree = "<group>"; };
		63A505C72388106000E93016 /* HTMLView.swift */ = {isa = PBXFileReference; lastKnownFileType = sourcecode.swift; path = HTMLView.swift; sourceTree = "<group>"; };
		63A505CC2388145000E93016 /* libxml2.tbd */ = {isa = PBXFileReference; lastKnownFileType = "sourcecode.text-based-dylib-definition"; name = libxml2.tbd; path = usr/lib/libxml2.tbd; sourceTree = SDKROOT; };
		63C984B22385583700E5CAFE /* NotesView.swift */ = {isa = PBXFileReference; lastKnownFileType = sourcecode.swift; path = NotesView.swift; sourceTree = "<group>"; };
		63C984B4238566A400E5CAFE /* NoteView.swift */ = {isa = PBXFileReference; lastKnownFileType = sourcecode.swift; path = NoteView.swift; sourceTree = "<group>"; };
		D325FDA12358966F002AC9C9 /* SampleData */ = {isa = PBXFileReference; lastKnownFileType = folder; path = SampleData; sourceTree = "<group>"; };
		D325FDB2235A9A1E002AC9C9 /* Note.swift */ = {isa = PBXFileReference; lastKnownFileType = sourcecode.swift; path = Note.swift; sourceTree = "<group>"; };
		D325FDB4235B57AC002AC9C9 /* CollectionMetadata.swift */ = {isa = PBXFileReference; lastKnownFileType = sourcecode.swift; path = CollectionMetadata.swift; sourceTree = "<group>"; };
		D32BCEA3235829750036768A /* Swanki.app */ = {isa = PBXFileReference; explicitFileType = wrapper.application; includeInIndex = 0; path = Swanki.app; sourceTree = BUILT_PRODUCTS_DIR; };
		D32BCEA6235829750036768A /* AppDelegate.swift */ = {isa = PBXFileReference; lastKnownFileType = sourcecode.swift; path = AppDelegate.swift; sourceTree = "<group>"; };
		D32BCEA8235829750036768A /* SceneDelegate.swift */ = {isa = PBXFileReference; indentWidth = 2; lastKnownFileType = sourcecode.swift; path = SceneDelegate.swift; sourceTree = "<group>"; tabWidth = 2; };
		D32BCEAC235829770036768A /* Assets.xcassets */ = {isa = PBXFileReference; lastKnownFileType = folder.assetcatalog; path = Assets.xcassets; sourceTree = "<group>"; };
		D32BCEAF235829770036768A /* Preview Assets.xcassets */ = {isa = PBXFileReference; lastKnownFileType = folder.assetcatalog; path = "Preview Assets.xcassets"; sourceTree = "<group>"; };
		D32BCEB2235829770036768A /* Base */ = {isa = PBXFileReference; lastKnownFileType = file.storyboard; name = Base; path = Base.lproj/LaunchScreen.storyboard; sourceTree = "<group>"; };
		D32BCEB4235829770036768A /* Info.plist */ = {isa = PBXFileReference; lastKnownFileType = text.plist.xml; path = Info.plist; sourceTree = "<group>"; };
		D32BCEB9235829770036768A /* SwankiTests.xctest */ = {isa = PBXFileReference; explicitFileType = wrapper.cfbundle; includeInIndex = 0; path = SwankiTests.xctest; sourceTree = BUILT_PRODUCTS_DIR; };
		D32BCEBF235829770036768A /* Info.plist */ = {isa = PBXFileReference; lastKnownFileType = text.plist.xml; path = Info.plist; sourceTree = "<group>"; };
		D32BCEC4235829770036768A /* SwankiUITests.xctest */ = {isa = PBXFileReference; explicitFileType = wrapper.cfbundle; includeInIndex = 0; path = SwankiUITests.xctest; sourceTree = BUILT_PRODUCTS_DIR; };
		D32BCEC8235829770036768A /* SwankiUITests.swift */ = {isa = PBXFileReference; lastKnownFileType = sourcecode.swift; path = SwankiUITests.swift; sourceTree = "<group>"; };
		D32BCECA235829770036768A /* Info.plist */ = {isa = PBXFileReference; lastKnownFileType = text.plist.xml; path = Info.plist; sourceTree = "<group>"; };
		D351006E2378986600CE2D7E /* SpacedRepetitionScheduler+Card.swift */ = {isa = PBXFileReference; lastKnownFileType = sourcecode.swift; path = "SpacedRepetitionScheduler+Card.swift"; sourceTree = "<group>"; };
		D37E2A0A23AF06CA00D7913F /* Swanki.entitlements */ = {isa = PBXFileReference; lastKnownFileType = text.plist.entitlements; path = Swanki.entitlements; sourceTree = "<group>"; };
		D37E2A0B23AF087800D7913F /* CloudKit.framework */ = {isa = PBXFileReference; lastKnownFileType = wrapper.framework; name = CloudKit.framework; path = System/Library/Frameworks/CloudKit.framework; sourceTree = SDKROOT; };
		D392638823A691E7008D09B2 /* ImportView.swift */ = {isa = PBXFileReference; lastKnownFileType = sourcecode.swift; path = ImportView.swift; sourceTree = "<group>"; };
		D392638A23A74E32008D09B2 /* Databases.swift */ = {isa = PBXFileReference; lastKnownFileType = sourcecode.swift; path = Databases.swift; sourceTree = "<group>"; };
		D392638C23A9B450008D09B2 /* AnkiStache.swift */ = {isa = PBXFileReference; lastKnownFileType = sourcecode.swift; path = AnkiStache.swift; sourceTree = "<group>"; };
		D392638E23AA6000008D09B2 /* AnkiTemplateTests.swift */ = {isa = PBXFileReference; lastKnownFileType = sourcecode.swift; path = AnkiTemplateTests.swift; sourceTree = "<group>"; };
		D396683E2364924A0015DB82 /* CardView.swift */ = {isa = PBXFileReference; lastKnownFileType = sourcecode.swift; path = CardView.swift; sourceTree = "<group>"; };
		D39668432365EE9D0015DB82 /* WebView.swift */ = {isa = PBXFileReference; lastKnownFileType = sourcecode.swift; path = WebView.swift; sourceTree = "<group>"; };
		D3966845236DDC9A0015DB82 /* CardAnswerButtonRow.swift */ = {isa = PBXFileReference; lastKnownFileType = sourcecode.swift; path = CardAnswerButtonRow.swift; sourceTree = "<group>"; };
		D3B7144D235BB5A500F2AFB2 /* CollectionDatabase.swift */ = {isa = PBXFileReference; lastKnownFileType = sourcecode.swift; path = CollectionDatabase.swift; sourceTree = "<group>"; };
		D3B7144F235C189300F2AFB2 /* DeckConfig.swift */ = {isa = PBXFileReference; lastKnownFileType = sourcecode.swift; path = DeckConfig.swift; sourceTree = "<group>"; };
		D3B71451235C22B700F2AFB2 /* Card.swift */ = {isa = PBXFileReference; lastKnownFileType = sourcecode.swift; path = Card.swift; sourceTree = "<group>"; };
		D3B71453235CB7D000F2AFB2 /* StudyView.swift */ = {isa = PBXFileReference; lastKnownFileType = sourcecode.swift; path = StudyView.swift; sourceTree = "<group>"; };
		D3B71455235D211B00F2AFB2 /* Logger.swift */ = {isa = PBXFileReference; lastKnownFileType = sourcecode.swift; path = Logger.swift; sourceTree = "<group>"; };
		D3B71457235DDB1C00F2AFB2 /* DeckView.swift */ = {isa = PBXFileReference; lastKnownFileType = sourcecode.swift; path = DeckView.swift; sourceTree = "<group>"; };
		D3B714592363212200F2AFB2 /* CollectionDatabase+Previews.swift */ = {isa = PBXFileReference; lastKnownFileType = sourcecode.swift; path = "CollectionDatabase+Previews.swift"; sourceTree = "<group>"; };
		D3E159DE238C14AA00940661 /* DraftNote.swift */ = {isa = PBXFileReference; lastKnownFileType = sourcecode.swift; path = DraftNote.swift; sourceTree = "<group>"; };
		D3E159E0238E0EC200940661 /* ObservableDeck.swift */ = {isa = PBXFileReference; lastKnownFileType = sourcecode.swift; path = ObservableDeck.swift; sourceTree = "<group>"; };
		D3E159E2239059DC00940661 /* LogEntry.swift */ = {isa = PBXFileReference; lastKnownFileType = sourcecode.swift; path = LogEntry.swift; sourceTree = "<group>"; };
		D3E159E42390790000940661 /* Date+Anki.swift */ = {isa = PBXFileReference; lastKnownFileType = sourcecode.swift; path = "Date+Anki.swift"; sourceTree = "<group>"; };
		D3E159E6239083FA00940661 /* StudySession.swift */ = {isa = PBXFileReference; lastKnownFileType = sourcecode.swift; path = StudySession.swift; sourceTree = "<group>"; };
		D3E525B0237725A500C1E549 /* SpacedRepetitionSchedulerTests.swift */ = {isa = PBXFileReference; lastKnownFileType = sourcecode.swift; path = SpacedRepetitionSchedulerTests.swift; sourceTree = "<group>"; };
/* End PBXFileReference section */

/* Begin PBXFrameworksBuildPhase section */
		D32BCEA0235829750036768A /* Frameworks */ = {
			isa = PBXFrameworksBuildPhase;
			buildActionMask = 2147483647;
			files = (
				D325FDB1235A8B92002AC9C9 /* GRDB in Frameworks */,
				D37E2A0923AD9A3600D7913F /* GRDBCombine in Frameworks */,
				D325FDAB2359F288002AC9C9 /* Zipper in Frameworks */,
				D37E2A0C23AF087800D7913F /* CloudKit.framework in Frameworks */,
				D3557FEE23CCAF3800E12244 /* SpacedRepetitionScheduler in Frameworks */,
				63A505C423880E2400E93016 /* Aztec.framework in Frameworks */,
				D325FDA523589F12002AC9C9 /* Logging in Frameworks */,
			);
			runOnlyForDeploymentPostprocessing = 0;
		};
		D32BCEB6235829770036768A /* Frameworks */ = {
			isa = PBXFrameworksBuildPhase;
			buildActionMask = 2147483647;
			files = (
			);
			runOnlyForDeploymentPostprocessing = 0;
		};
		D32BCEC1235829770036768A /* Frameworks */ = {
			isa = PBXFrameworksBuildPhase;
			buildActionMask = 2147483647;
			files = (
			);
			runOnlyForDeploymentPostprocessing = 0;
		};
/* End PBXFrameworksBuildPhase section */

/* Begin PBXGroup section */
		63A505C223880E2400E93016 /* Frameworks */ = {
			isa = PBXGroup;
			children = (
				D37E2A0B23AF087800D7913F /* CloudKit.framework */,
				63A505CC2388145000E93016 /* libxml2.tbd */,
				63A505C323880E2400E93016 /* Aztec.framework */,
			);
			name = Frameworks;
			sourceTree = "<group>";
		};
		D32BCE9A235829750036768A = {
			isa = PBXGroup;
			children = (
				D32BCEA5235829750036768A /* Swanki */,
				D325FDA12358966F002AC9C9 /* SampleData */,
				D32BCEBC235829770036768A /* SwankiTests */,
				D32BCEC7235829770036768A /* SwankiUITests */,
				D32BCEA4235829750036768A /* Products */,
				63A505C223880E2400E93016 /* Frameworks */,
			);
			indentWidth = 2;
			sourceTree = "<group>";
			tabWidth = 2;
		};
		D32BCEA4235829750036768A /* Products */ = {
			isa = PBXGroup;
			children = (
				D32BCEA3235829750036768A /* Swanki.app */,
				D32BCEB9235829770036768A /* SwankiTests.xctest */,
				D32BCEC4235829770036768A /* SwankiUITests.xctest */,
			);
			name = Products;
			sourceTree = "<group>";
		};
		D32BCEA5235829750036768A /* Swanki */ = {
			isa = PBXGroup;
			children = (
				D37E2A0A23AF06CA00D7913F /* Swanki.entitlements */,
				D392638C23A9B450008D09B2 /* AnkiStache.swift */,
				D32BCEA6235829750036768A /* AppDelegate.swift */,
				D32BCEAC235829770036768A /* Assets.xcassets */,
				D3B71451235C22B700F2AFB2 /* Card.swift */,
				D3966845236DDC9A0015DB82 /* CardAnswerButtonRow.swift */,
				D396683E2364924A0015DB82 /* CardView.swift */,
				D3B7144D235BB5A500F2AFB2 /* CollectionDatabase.swift */,
				D3B714592363212200F2AFB2 /* CollectionDatabase+Previews.swift */,
				D325FDB4235B57AC002AC9C9 /* CollectionMetadata.swift */,
				D392638A23A74E32008D09B2 /* Databases.swift */,
				D3E159E42390790000940661 /* Date+Anki.swift */,
				D3B7144F235C189300F2AFB2 /* DeckConfig.swift */,
				D3B71457235DDB1C00F2AFB2 /* DeckView.swift */,
				D3E159DE238C14AA00940661 /* DraftNote.swift */,
				63A505C72388106000E93016 /* HTMLView.swift */,
				D392638823A691E7008D09B2 /* ImportView.swift */,
				D32BCEB4235829770036768A /* Info.plist */,
				D32BCEB1235829770036768A /* LaunchScreen.storyboard */,
				D3E159E2239059DC00940661 /* LogEntry.swift */,
				D3B71455235D211B00F2AFB2 /* Logger.swift */,
				D325FDB2235A9A1E002AC9C9 /* Note.swift */,
				63C984B22385583700E5CAFE /* NotesView.swift */,
				63C984B4238566A400E5CAFE /* NoteView.swift */,
				D3E159E0238E0EC200940661 /* ObservableDeck.swift */,
				D32BCEAE235829770036768A /* Preview Content */,
				D32BCEA8235829750036768A /* SceneDelegate.swift */,
				D351006E2378986600CE2D7E /* SpacedRepetitionScheduler+Card.swift */,
				D3E159E6239083FA00940661 /* StudySession.swift */,
				D3B71453235CB7D000F2AFB2 /* StudyView.swift */,
				D39668432365EE9D0015DB82 /* WebView.swift */,
			);
			path = Swanki;
			sourceTree = "<group>";
		};
		D32BCEAE235829770036768A /* Preview Content */ = {
			isa = PBXGroup;
			children = (
				D32BCEAF235829770036768A /* Preview Assets.xcassets */,
			);
			path = "Preview Content";
			sourceTree = "<group>";
		};
		D32BCEBC235829770036768A /* SwankiTests */ = {
			isa = PBXGroup;
			children = (
				D392638E23AA6000008D09B2 /* AnkiTemplateTests.swift */,
				D32BCEBF235829770036768A /* Info.plist */,
				D3E525B0237725A500C1E549 /* SpacedRepetitionSchedulerTests.swift */,
			);
			path = SwankiTests;
			sourceTree = "<group>";
		};
		D32BCEC7235829770036768A /* SwankiUITests */ = {
			isa = PBXGroup;
			children = (
				D32BCEC8235829770036768A /* SwankiUITests.swift */,
				D32BCECA235829770036768A /* Info.plist */,
			);
			path = SwankiUITests;
			sourceTree = "<group>";
		};
/* End PBXGroup section */

/* Begin PBXNativeTarget section */
		D32BCEA2235829750036768A /* Swanki */ = {
			isa = PBXNativeTarget;
			buildConfigurationList = D32BCECD235829770036768A /* Build configuration list for PBXNativeTarget "Swanki" */;
			buildPhases = (
				D32BCE9F235829750036768A /* Sources */,
				D32BCEA0235829750036768A /* Frameworks */,
				D32BCEA1235829750036768A /* Resources */,
				63A505C623880E2400E93016 /* Embed Frameworks */,
			);
			buildRules = (
			);
			dependencies = (
			);
			name = Swanki;
			packageProductDependencies = (
				D325FDA423589F12002AC9C9 /* Logging */,
				D325FDAA2359F288002AC9C9 /* Zipper */,
				D325FDB0235A8B92002AC9C9 /* GRDB */,
				D37E2A0823AD9A3600D7913F /* GRDBCombine */,
				D3557FED23CCAF3800E12244 /* SpacedRepetitionScheduler */,
			);
			productName = Swanki;
			productReference = D32BCEA3235829750036768A /* Swanki.app */;
			productType = "com.apple.product-type.application";
		};
		D32BCEB8235829770036768A /* SwankiTests */ = {
			isa = PBXNativeTarget;
			buildConfigurationList = D32BCED0235829770036768A /* Build configuration list for PBXNativeTarget "SwankiTests" */;
			buildPhases = (
				D32BCEB5235829770036768A /* Sources */,
				D32BCEB6235829770036768A /* Frameworks */,
				D32BCEB7235829770036768A /* Resources */,
			);
			buildRules = (
			);
			dependencies = (
				D32BCEBB235829770036768A /* PBXTargetDependency */,
			);
			name = SwankiTests;
			productName = SwankiTests;
			productReference = D32BCEB9235829770036768A /* SwankiTests.xctest */;
			productType = "com.apple.product-type.bundle.unit-test";
		};
		D32BCEC3235829770036768A /* SwankiUITests */ = {
			isa = PBXNativeTarget;
			buildConfigurationList = D32BCED3235829770036768A /* Build configuration list for PBXNativeTarget "SwankiUITests" */;
			buildPhases = (
				D32BCEC0235829770036768A /* Sources */,
				D32BCEC1235829770036768A /* Frameworks */,
				D32BCEC2235829770036768A /* Resources */,
			);
			buildRules = (
			);
			dependencies = (
				D32BCEC6235829770036768A /* PBXTargetDependency */,
			);
			name = SwankiUITests;
			productName = SwankiUITests;
			productReference = D32BCEC4235829770036768A /* SwankiUITests.xctest */;
			productType = "com.apple.product-type.bundle.ui-testing";
		};
/* End PBXNativeTarget section */

/* Begin PBXProject section */
		D32BCE9B235829750036768A /* Project object */ = {
			isa = PBXProject;
			attributes = {
				LastSwiftUpdateCheck = 1100;
				LastUpgradeCheck = 1100;
				ORGANIZATIONNAME = "Brian's Brain";
				TargetAttributes = {
					D32BCEA2235829750036768A = {
						CreatedOnToolsVersion = 11.0;
					};
					D32BCEB8235829770036768A = {
						CreatedOnToolsVersion = 11.0;
						TestTargetID = D32BCEA2235829750036768A;
					};
					D32BCEC3235829770036768A = {
						CreatedOnToolsVersion = 11.0;
						TestTargetID = D32BCEA2235829750036768A;
					};
				};
			};
			buildConfigurationList = D32BCE9E235829750036768A /* Build configuration list for PBXProject "Swanki" */;
			compatibilityVersion = "Xcode 9.3";
			developmentRegion = en;
			hasScannedForEncodings = 0;
			knownRegions = (
				en,
				Base,
			);
			mainGroup = D32BCE9A235829750036768A;
			packageReferences = (
				D325FDA323589F12002AC9C9 /* XCRemoteSwiftPackageReference "swift-log" */,
				D325FDA92359F288002AC9C9 /* XCRemoteSwiftPackageReference "Zipper" */,
				D325FDAF235A8B91002AC9C9 /* XCRemoteSwiftPackageReference "GRDB.swift" */,
				D37E2A0723AD9A3600D7913F /* XCRemoteSwiftPackageReference "GRDBCombine" */,
				D3557FEC23CCAF3800E12244 /* XCRemoteSwiftPackageReference "SpacedRepetitionScheduler" */,
			);
			productRefGroup = D32BCEA4235829750036768A /* Products */;
			projectDirPath = "";
			projectRoot = "";
			targets = (
				D32BCEA2235829750036768A /* Swanki */,
				D32BCEB8235829770036768A /* SwankiTests */,
				D32BCEC3235829770036768A /* SwankiUITests */,
			);
		};
/* End PBXProject section */

/* Begin PBXResourcesBuildPhase section */
		D32BCEA1235829750036768A /* Resources */ = {
			isa = PBXResourcesBuildPhase;
			buildActionMask = 2147483647;
			files = (
				D32BCEB3235829770036768A /* LaunchScreen.storyboard in Resources */,
				D32BCEB0235829770036768A /* Preview Assets.xcassets in Resources */,
				D325FDA22358966F002AC9C9 /* SampleData in Resources */,
				D32BCEAD235829770036768A /* Assets.xcassets in Resources */,
			);
			runOnlyForDeploymentPostprocessing = 0;
		};
		D32BCEB7235829770036768A /* Resources */ = {
			isa = PBXResourcesBuildPhase;
			buildActionMask = 2147483647;
			files = (
			);
			runOnlyForDeploymentPostprocessing = 0;
		};
		D32BCEC2235829770036768A /* Resources */ = {
			isa = PBXResourcesBuildPhase;
			buildActionMask = 2147483647;
			files = (
			);
			runOnlyForDeploymentPostprocessing = 0;
		};
/* End PBXResourcesBuildPhase section */

/* Begin PBXSourcesBuildPhase section */
		D32BCE9F235829750036768A /* Sources */ = {
			isa = PBXSourcesBuildPhase;
			buildActionMask = 2147483647;
			files = (
				D3B71450235C189300F2AFB2 /* DeckConfig.swift in Sources */,
				D32BCEA7235829750036768A /* AppDelegate.swift in Sources */,
				63C984B32385583700E5CAFE /* NotesView.swift in Sources */,
				D351006F2378986600CE2D7E /* SpacedRepetitionScheduler+Card.swift in Sources */,
				D3E159DF238C14AA00940661 /* DraftNote.swift in Sources */,
				D32BCEA9235829750036768A /* SceneDelegate.swift in Sources */,
				D392638B23A74E32008D09B2 /* Databases.swift in Sources */,
				63C984B5238566A400E5CAFE /* NoteView.swift in Sources */,
				D392638923A691E7008D09B2 /* ImportView.swift in Sources */,
				D3B7145A2363212200F2AFB2 /* CollectionDatabase+Previews.swift in Sources */,
				D3B71454235CB7D000F2AFB2 /* StudyView.swift in Sources */,
				D3B71456235D211B00F2AFB2 /* Logger.swift in Sources */,
				63A505C82388106000E93016 /* HTMLView.swift in Sources */,
				D3E159E3239059DC00940661 /* LogEntry.swift in Sources */,
				D396683F2364924A0015DB82 /* CardView.swift in Sources */,
				D3966846236DDC9A0015DB82 /* CardAnswerButtonRow.swift in Sources */,
				D3E159E52390790000940661 /* Date+Anki.swift in Sources */,
				D3B7144E235BB5A500F2AFB2 /* CollectionDatabase.swift in Sources */,
				D392638D23A9B450008D09B2 /* AnkiStache.swift in Sources */,
				D3E159E1238E0EC200940661 /* ObservableDeck.swift in Sources */,
				D325FDB5235B57AC002AC9C9 /* CollectionMetadata.swift in Sources */,
				D325FDB3235A9A1E002AC9C9 /* Note.swift in Sources */,
				D3B71452235C22B700F2AFB2 /* Card.swift in Sources */,
				D3B71458235DDB1C00F2AFB2 /* DeckView.swift in Sources */,
				D39668442365EE9D0015DB82 /* WebView.swift in Sources */,
				D3E159E7239083FA00940661 /* StudySession.swift in Sources */,
			);
			runOnlyForDeploymentPostprocessing = 0;
		};
		D32BCEB5235829770036768A /* Sources */ = {
			isa = PBXSourcesBuildPhase;
			buildActionMask = 2147483647;
			files = (
				D392638F23AA6000008D09B2 /* AnkiTemplateTests.swift in Sources */,
				D3E525B1237725A500C1E549 /* SpacedRepetitionSchedulerTests.swift in Sources */,
			);
			runOnlyForDeploymentPostprocessing = 0;
		};
		D32BCEC0235829770036768A /* Sources */ = {
			isa = PBXSourcesBuildPhase;
			buildActionMask = 2147483647;
			files = (
				D32BCEC9235829770036768A /* SwankiUITests.swift in Sources */,
			);
			runOnlyForDeploymentPostprocessing = 0;
		};
/* End PBXSourcesBuildPhase section */

/* Begin PBXTargetDependency section */
		D32BCEBB235829770036768A /* PBXTargetDependency */ = {
			isa = PBXTargetDependency;
			target = D32BCEA2235829750036768A /* Swanki */;
			targetProxy = D32BCEBA235829770036768A /* PBXContainerItemProxy */;
		};
		D32BCEC6235829770036768A /* PBXTargetDependency */ = {
			isa = PBXTargetDependency;
			target = D32BCEA2235829750036768A /* Swanki */;
			targetProxy = D32BCEC5235829770036768A /* PBXContainerItemProxy */;
		};
/* End PBXTargetDependency section */

/* Begin PBXVariantGroup section */
		D32BCEB1235829770036768A /* LaunchScreen.storyboard */ = {
			isa = PBXVariantGroup;
			children = (
				D32BCEB2235829770036768A /* Base */,
			);
			name = LaunchScreen.storyboard;
			sourceTree = "<group>";
		};
/* End PBXVariantGroup section */

/* Begin XCBuildConfiguration section */
		D32BCECB235829770036768A /* Debug */ = {
			isa = XCBuildConfiguration;
			buildSettings = {
				ALWAYS_SEARCH_USER_PATHS = NO;
				CLANG_ANALYZER_NONNULL = YES;
				CLANG_ANALYZER_NUMBER_OBJECT_CONVERSION = YES_AGGRESSIVE;
				CLANG_CXX_LANGUAGE_STANDARD = "gnu++14";
				CLANG_CXX_LIBRARY = "libc++";
				CLANG_ENABLE_MODULES = YES;
				CLANG_ENABLE_OBJC_ARC = YES;
				CLANG_ENABLE_OBJC_WEAK = YES;
				CLANG_WARN_BLOCK_CAPTURE_AUTORELEASING = YES;
				CLANG_WARN_BOOL_CONVERSION = YES;
				CLANG_WARN_COMMA = YES;
				CLANG_WARN_CONSTANT_CONVERSION = YES;
				CLANG_WARN_DEPRECATED_OBJC_IMPLEMENTATIONS = YES;
				CLANG_WARN_DIRECT_OBJC_ISA_USAGE = YES_ERROR;
				CLANG_WARN_DOCUMENTATION_COMMENTS = YES;
				CLANG_WARN_EMPTY_BODY = YES;
				CLANG_WARN_ENUM_CONVERSION = YES;
				CLANG_WARN_INFINITE_RECURSION = YES;
				CLANG_WARN_INT_CONVERSION = YES;
				CLANG_WARN_NON_LITERAL_NULL_CONVERSION = YES;
				CLANG_WARN_OBJC_IMPLICIT_RETAIN_SELF = YES;
				CLANG_WARN_OBJC_LITERAL_CONVERSION = YES;
				CLANG_WARN_OBJC_ROOT_CLASS = YES_ERROR;
				CLANG_WARN_RANGE_LOOP_ANALYSIS = YES;
				CLANG_WARN_STRICT_PROTOTYPES = YES;
				CLANG_WARN_SUSPICIOUS_MOVE = YES;
				CLANG_WARN_UNGUARDED_AVAILABILITY = YES_AGGRESSIVE;
				CLANG_WARN_UNREACHABLE_CODE = YES;
				CLANG_WARN__DUPLICATE_METHOD_MATCH = YES;
				COPY_PHASE_STRIP = NO;
				DEAD_CODE_STRIPPING = NO;
				DEBUG_INFORMATION_FORMAT = dwarf;
				ENABLE_STRICT_OBJC_MSGSEND = YES;
				ENABLE_TESTABILITY = YES;
				GCC_C_LANGUAGE_STANDARD = gnu11;
				GCC_DYNAMIC_NO_PIC = NO;
				GCC_NO_COMMON_BLOCKS = YES;
				GCC_OPTIMIZATION_LEVEL = 0;
				GCC_PREPROCESSOR_DEFINITIONS = (
					"DEBUG=1",
					"$(inherited)",
				);
				GCC_WARN_64_TO_32_BIT_CONVERSION = YES;
				GCC_WARN_ABOUT_RETURN_TYPE = YES_ERROR;
				GCC_WARN_UNDECLARED_SELECTOR = YES;
				GCC_WARN_UNINITIALIZED_AUTOS = YES_AGGRESSIVE;
				GCC_WARN_UNUSED_FUNCTION = YES;
				GCC_WARN_UNUSED_VARIABLE = YES;
				IPHONEOS_DEPLOYMENT_TARGET = 13.0;
				MTL_ENABLE_DEBUG_INFO = INCLUDE_SOURCE;
				MTL_FAST_MATH = YES;
				ONLY_ACTIVE_ARCH = YES;
				SDKROOT = iphoneos;
				SWIFT_ACTIVE_COMPILATION_CONDITIONS = DEBUG;
				SWIFT_OPTIMIZATION_LEVEL = "-Onone";
			};
			name = Debug;
		};
		D32BCECC235829770036768A /* Release */ = {
			isa = XCBuildConfiguration;
			buildSettings = {
				ALWAYS_SEARCH_USER_PATHS = NO;
				CLANG_ANALYZER_NONNULL = YES;
				CLANG_ANALYZER_NUMBER_OBJECT_CONVERSION = YES_AGGRESSIVE;
				CLANG_CXX_LANGUAGE_STANDARD = "gnu++14";
				CLANG_CXX_LIBRARY = "libc++";
				CLANG_ENABLE_MODULES = YES;
				CLANG_ENABLE_OBJC_ARC = YES;
				CLANG_ENABLE_OBJC_WEAK = YES;
				CLANG_WARN_BLOCK_CAPTURE_AUTORELEASING = YES;
				CLANG_WARN_BOOL_CONVERSION = YES;
				CLANG_WARN_COMMA = YES;
				CLANG_WARN_CONSTANT_CONVERSION = YES;
				CLANG_WARN_DEPRECATED_OBJC_IMPLEMENTATIONS = YES;
				CLANG_WARN_DIRECT_OBJC_ISA_USAGE = YES_ERROR;
				CLANG_WARN_DOCUMENTATION_COMMENTS = YES;
				CLANG_WARN_EMPTY_BODY = YES;
				CLANG_WARN_ENUM_CONVERSION = YES;
				CLANG_WARN_INFINITE_RECURSION = YES;
				CLANG_WARN_INT_CONVERSION = YES;
				CLANG_WARN_NON_LITERAL_NULL_CONVERSION = YES;
				CLANG_WARN_OBJC_IMPLICIT_RETAIN_SELF = YES;
				CLANG_WARN_OBJC_LITERAL_CONVERSION = YES;
				CLANG_WARN_OBJC_ROOT_CLASS = YES_ERROR;
				CLANG_WARN_RANGE_LOOP_ANALYSIS = YES;
				CLANG_WARN_STRICT_PROTOTYPES = YES;
				CLANG_WARN_SUSPICIOUS_MOVE = YES;
				CLANG_WARN_UNGUARDED_AVAILABILITY = YES_AGGRESSIVE;
				CLANG_WARN_UNREACHABLE_CODE = YES;
				CLANG_WARN__DUPLICATE_METHOD_MATCH = YES;
				COPY_PHASE_STRIP = NO;
				DEAD_CODE_STRIPPING = NO;
				DEBUG_INFORMATION_FORMAT = "dwarf-with-dsym";
				ENABLE_NS_ASSERTIONS = NO;
				ENABLE_STRICT_OBJC_MSGSEND = YES;
				GCC_C_LANGUAGE_STANDARD = gnu11;
				GCC_NO_COMMON_BLOCKS = YES;
				GCC_WARN_64_TO_32_BIT_CONVERSION = YES;
				GCC_WARN_ABOUT_RETURN_TYPE = YES_ERROR;
				GCC_WARN_UNDECLARED_SELECTOR = YES;
				GCC_WARN_UNINITIALIZED_AUTOS = YES_AGGRESSIVE;
				GCC_WARN_UNUSED_FUNCTION = YES;
				GCC_WARN_UNUSED_VARIABLE = YES;
				IPHONEOS_DEPLOYMENT_TARGET = 13.0;
				MTL_ENABLE_DEBUG_INFO = NO;
				MTL_FAST_MATH = YES;
				SDKROOT = iphoneos;
				SWIFT_COMPILATION_MODE = wholemodule;
				SWIFT_OPTIMIZATION_LEVEL = "-O";
				VALIDATE_PRODUCT = YES;
			};
			name = Release;
		};
		D32BCECE235829770036768A /* Debug */ = {
			isa = XCBuildConfiguration;
			buildSettings = {
				ASSETCATALOG_COMPILER_APPICON_NAME = AppIcon;
				CODE_SIGN_ENTITLEMENTS = Swanki/Swanki.entitlements;
				CODE_SIGN_STYLE = Automatic;
				DEVELOPMENT_ASSET_PATHS = "\"Swanki/Preview Content\"";
				DEVELOPMENT_TEAM = K2UU8WDD8H;
				ENABLE_PREVIEWS = YES;
				FRAMEWORK_SEARCH_PATHS = (
					"$(inherited)",
					"$(PROJECT_DIR)/Carthage/Build/iOS",
				);
				HEADER_SEARCH_PATHS = /usr/include/libxml2;
				INFOPLIST_FILE = Swanki/Info.plist;
				LD_RUNPATH_SEARCH_PATHS = (
					"$(inherited)",
					"@executable_path/Frameworks",
				);
				MARKETING_VERSION = 0.1;
				PRODUCT_BUNDLE_IDENTIFIER = "org.brians-brain.Swanki";
				PRODUCT_NAME = "$(TARGET_NAME)";
				SWIFT_VERSION = 5.0;
				TARGETED_DEVICE_FAMILY = "1,2";
			};
			name = Debug;
		};
		D32BCECF235829770036768A /* Release */ = {
			isa = XCBuildConfiguration;
			buildSettings = {
				ASSETCATALOG_COMPILER_APPICON_NAME = AppIcon;
				CODE_SIGN_ENTITLEMENTS = Swanki/Swanki.entitlements;
				CODE_SIGN_STYLE = Automatic;
				DEVELOPMENT_ASSET_PATHS = "\"Swanki/Preview Content\"";
				DEVELOPMENT_TEAM = K2UU8WDD8H;
				ENABLE_PREVIEWS = YES;
				FRAMEWORK_SEARCH_PATHS = (
					"$(inherited)",
					"$(PROJECT_DIR)/Carthage/Build/iOS",
				);
				HEADER_SEARCH_PATHS = /usr/include/libxml2;
				INFOPLIST_FILE = Swanki/Info.plist;
				LD_RUNPATH_SEARCH_PATHS = (
					"$(inherited)",
					"@executable_path/Frameworks",
				);
				MARKETING_VERSION = 0.1;
				PRODUCT_BUNDLE_IDENTIFIER = "org.brians-brain.Swanki";
				PRODUCT_NAME = "$(TARGET_NAME)";
				SWIFT_VERSION = 5.0;
				TARGETED_DEVICE_FAMILY = "1,2";
			};
			name = Release;
		};
		D32BCED1235829770036768A /* Debug */ = {
			isa = XCBuildConfiguration;
			buildSettings = {
				ALWAYS_EMBED_SWIFT_STANDARD_LIBRARIES = YES;
				BUNDLE_LOADER = "$(TEST_HOST)";
				CODE_SIGN_STYLE = Automatic;
				DEVELOPMENT_TEAM = K2UU8WDD8H;
				HEADER_SEARCH_PATHS = /usr/include/libxml2;
				INFOPLIST_FILE = SwankiTests/Info.plist;
				IPHONEOS_DEPLOYMENT_TARGET = 13.0;
				LD_RUNPATH_SEARCH_PATHS = (
					"$(inherited)",
					"@executable_path/Frameworks",
					"@loader_path/Frameworks",
				);
				PRODUCT_BUNDLE_IDENTIFIER = "org.brians-brain.SwankiTests";
				PRODUCT_NAME = "$(TARGET_NAME)";
				SWIFT_VERSION = 5.0;
				TARGETED_DEVICE_FAMILY = "1,2";
				TEST_HOST = "$(BUILT_PRODUCTS_DIR)/Swanki.app/Swanki";
			};
			name = Debug;
		};
		D32BCED2235829770036768A /* Release */ = {
			isa = XCBuildConfiguration;
			buildSettings = {
				ALWAYS_EMBED_SWIFT_STANDARD_LIBRARIES = YES;
				BUNDLE_LOADER = "$(TEST_HOST)";
				CODE_SIGN_STYLE = Automatic;
				DEVELOPMENT_TEAM = K2UU8WDD8H;
				HEADER_SEARCH_PATHS = /usr/include/libxml2;
				INFOPLIST_FILE = SwankiTests/Info.plist;
				IPHONEOS_DEPLOYMENT_TARGET = 13.0;
				LD_RUNPATH_SEARCH_PATHS = (
					"$(inherited)",
					"@executable_path/Frameworks",
					"@loader_path/Frameworks",
				);
				PRODUCT_BUNDLE_IDENTIFIER = "org.brians-brain.SwankiTests";
				PRODUCT_NAME = "$(TARGET_NAME)";
				SWIFT_VERSION = 5.0;
				TARGETED_DEVICE_FAMILY = "1,2";
				TEST_HOST = "$(BUILT_PRODUCTS_DIR)/Swanki.app/Swanki";
			};
			name = Release;
		};
		D32BCED4235829770036768A /* Debug */ = {
			isa = XCBuildConfiguration;
			buildSettings = {
				ALWAYS_EMBED_SWIFT_STANDARD_LIBRARIES = YES;
				CODE_SIGN_STYLE = Automatic;
				DEVELOPMENT_TEAM = K2UU8WDD8H;
				INFOPLIST_FILE = SwankiUITests/Info.plist;
				LD_RUNPATH_SEARCH_PATHS = (
					"$(inherited)",
					"@executable_path/Frameworks",
					"@loader_path/Frameworks",
				);
				PRODUCT_BUNDLE_IDENTIFIER = "org.brians-brain.SwankiUITests";
				PRODUCT_NAME = "$(TARGET_NAME)";
				SWIFT_VERSION = 5.0;
				TARGETED_DEVICE_FAMILY = "1,2";
				TEST_TARGET_NAME = Swanki;
			};
			name = Debug;
		};
		D32BCED5235829770036768A /* Release */ = {
			isa = XCBuildConfiguration;
			buildSettings = {
				ALWAYS_EMBED_SWIFT_STANDARD_LIBRARIES = YES;
				CODE_SIGN_STYLE = Automatic;
				DEVELOPMENT_TEAM = K2UU8WDD8H;
				INFOPLIST_FILE = SwankiUITests/Info.plist;
				LD_RUNPATH_SEARCH_PATHS = (
					"$(inherited)",
					"@executable_path/Frameworks",
					"@loader_path/Frameworks",
				);
				PRODUCT_BUNDLE_IDENTIFIER = "org.brians-brain.SwankiUITests";
				PRODUCT_NAME = "$(TARGET_NAME)";
				SWIFT_VERSION = 5.0;
				TARGETED_DEVICE_FAMILY = "1,2";
				TEST_TARGET_NAME = Swanki;
			};
			name = Release;
		};
/* End XCBuildConfiguration section */

/* Begin XCConfigurationList section */
		D32BCE9E235829750036768A /* Build configuration list for PBXProject "Swanki" */ = {
			isa = XCConfigurationList;
			buildConfigurations = (
				D32BCECB235829770036768A /* Debug */,
				D32BCECC235829770036768A /* Release */,
			);
			defaultConfigurationIsVisible = 0;
			defaultConfigurationName = Release;
		};
		D32BCECD235829770036768A /* Build configuration list for PBXNativeTarget "Swanki" */ = {
			isa = XCConfigurationList;
			buildConfigurations = (
				D32BCECE235829770036768A /* Debug */,
				D32BCECF235829770036768A /* Release */,
			);
			defaultConfigurationIsVisible = 0;
			defaultConfigurationName = Release;
		};
		D32BCED0235829770036768A /* Build configuration list for PBXNativeTarget "SwankiTests" */ = {
			isa = XCConfigurationList;
			buildConfigurations = (
				D32BCED1235829770036768A /* Debug */,
				D32BCED2235829770036768A /* Release */,
			);
			defaultConfigurationIsVisible = 0;
			defaultConfigurationName = Release;
		};
		D32BCED3235829770036768A /* Build configuration list for PBXNativeTarget "SwankiUITests" */ = {
			isa = XCConfigurationList;
			buildConfigurations = (
				D32BCED4235829770036768A /* Debug */,
				D32BCED5235829770036768A /* Release */,
			);
			defaultConfigurationIsVisible = 0;
			defaultConfigurationName = Release;
		};
/* End XCConfigurationList section */

/* Begin XCRemoteSwiftPackageReference section */
		D325FDA323589F12002AC9C9 /* XCRemoteSwiftPackageReference "swift-log" */ = {
			isa = XCRemoteSwiftPackageReference;
			repositoryURL = "https://github.com/apple/swift-log.git";
			requirement = {
				kind = upToNextMajorVersion;
				minimumVersion = 1.1.1;
			};
		};
		D325FDA92359F288002AC9C9 /* XCRemoteSwiftPackageReference "Zipper" */ = {
			isa = XCRemoteSwiftPackageReference;
			repositoryURL = "https://github.com/bdewey/Zipper";
			requirement = {
				branch = "xcode-integration";
				kind = branch;
			};
		};
		D325FDAF235A8B91002AC9C9 /* XCRemoteSwiftPackageReference "GRDB.swift" */ = {
			isa = XCRemoteSwiftPackageReference;
			repositoryURL = "https://github.com/groue/GRDB.swift.git";
			requirement = {
				kind = upToNextMajorVersion;
				minimumVersion = 4.5.0;
			};
		};
		D3557FEC23CCAF3800E12244 /* XCRemoteSwiftPackageReference "SpacedRepetitionScheduler" */ = {
			isa = XCRemoteSwiftPackageReference;
			repositoryURL = "https://github.com/bdewey/SpacedRepetitionScheduler.git";
			requirement = {
				kind = upToNextMajorVersion;
				minimumVersion = 0.1.0;
			};
		};
		D37E2A0723AD9A3600D7913F /* XCRemoteSwiftPackageReference "GRDBCombine" */ = {
			isa = XCRemoteSwiftPackageReference;
			repositoryURL = "https://github.com/groue/GRDBCombine";
			requirement = {
				kind = upToNextMajorVersion;
				minimumVersion = 0.7.1;
			};
		};
/* End XCRemoteSwiftPackageReference section */

/* Begin XCSwiftPackageProductDependency section */
		D325FDA423589F12002AC9C9 /* Logging */ = {
			isa = XCSwiftPackageProductDependency;
			package = D325FDA323589F12002AC9C9 /* XCRemoteSwiftPackageReference "swift-log" */;
			productName = Logging;
		};
		D325FDAA2359F288002AC9C9 /* Zipper */ = {
			isa = XCSwiftPackageProductDependency;
			package = D325FDA92359F288002AC9C9 /* XCRemoteSwiftPackageReference "Zipper" */;
			productName = Zipper;
		};
		D325FDB0235A8B92002AC9C9 /* GRDB */ = {
			isa = XCSwiftPackageProductDependency;
			package = D325FDAF235A8B91002AC9C9 /* XCRemoteSwiftPackageReference "GRDB.swift" */;
			productName = GRDB;
		};
		D3557FED23CCAF3800E12244 /* SpacedRepetitionScheduler */ = {
			isa = XCSwiftPackageProductDependency;
			package = D3557FEC23CCAF3800E12244 /* XCRemoteSwiftPackageReference "SpacedRepetitionScheduler" */;
			productName = SpacedRepetitionScheduler;
		};
		D37E2A0823AD9A3600D7913F /* GRDBCombine */ = {
			isa = XCSwiftPackageProductDependency;
			package = D37E2A0723AD9A3600D7913F /* XCRemoteSwiftPackageReference "GRDBCombine" */;
			productName = GRDBCombine;
		};
/* End XCSwiftPackageProductDependency section */
	};
	rootObject = D32BCE9B235829750036768A /* Project object */;
}
