{
  "pins" : [
    {
      "identity" : "combineexpectations",
      "kind" : "remoteSourceControl",
      "location" : "https://github.com/groue/CombineExpectations.git",
      "state" : {
        "revision" : "40d564be8decfc9a3e8acfec56a42dd845e5c420",
        "version" : "0.3.0"
      }
    },
    {
      "identity" : "grdb.swift",
      "kind" : "remoteSourceControl",
      "location" : "https://github.com/groue/GRDB.swift.git",
      "state" : {
        "revision" : "89bc509170f91e8f593ed1b96cc2ba2c0a236760",
        "version" : "4.5.0"
      }
    },
    {
      "identity" : "grdbcombine",
      "kind" : "remoteSourceControl",
      "location" : "https://github.com/groue/GRDBCombine",
      "state" : {
        "revision" : "c155a5738448490832c068427b5eec2e4b5f65e3",
        "version" : "0.7.1"
      }
    },
    {
      "identity" : "spacedrepetitionscheduler",
      "kind" : "remoteSourceControl",
      "location" : "https://github.com/bdewey/SpacedRepetitionScheduler.git",
      "state" : {
        "revision" : "0a7ef80f3ea6e58fed690efe9f4c02a6064f3d13",
        "version" : "0.4.0"
      }
    },
    {
      "identity" : "zipper",
      "kind" : "remoteSourceControl",
      "location" : "https://github.com/bdewey/Zipper",
      "state" : {
        "branch" : "xcode-integration",
        "revision" : "f5c6eeb715aee1e79d233b4139d46363801ae993"
      }
    }
  ],
  "version" : 2
}
